// !$*UTF8*$!
{
	archiveVersion = 1;
	classes = {
	};
	objectVersion = 50;
	objects = {

/* Begin PBXBuildFile section */
		B4935EAB26D7677A00BA1B5A /* PokedexSwiftUITutorialApp.swift in Sources */ = {isa = PBXBuildFile; fileRef = B4935EAA26D7677A00BA1B5A /* PokedexSwiftUITutorialApp.swift */; };
		B4935EAD26D7677A00BA1B5A /* ContentView.swift in Sources */ = {isa = PBXBuildFile; fileRef = B4935EAC26D7677A00BA1B5A /* ContentView.swift */; };
		B4935EAF26D7677C00BA1B5A /* Assets.xcassets in Resources */ = {isa = PBXBuildFile; fileRef = B4935EAE26D7677C00BA1B5A /* Assets.xcassets */; };
		B4935EB226D7677C00BA1B5A /* Preview Assets.xcassets in Resources */ = {isa = PBXBuildFile; fileRef = B4935EB126D7677C00BA1B5A /* Preview Assets.xcassets */; };
		B4935EBD26D7684A00BA1B5A /* PokemonCell.swift in Sources */ = {isa = PBXBuildFile; fileRef = B4935EBC26D7684A00BA1B5A /* PokemonCell.swift */; };
/* End PBXBuildFile section */

/* Begin PBXFileReference section */
		B4935EA726D7677A00BA1B5A /* PokedexSwiftUITutorial.app */ = {isa = PBXFileReference; explicitFileType = wrapper.application; includeInIndex = 0; path = PokedexSwiftUITutorial.app; sourceTree = BUILT_PRODUCTS_DIR; };
		B4935EAA26D7677A00BA1B5A /* PokedexSwiftUITutorialApp.swift */ = {isa = PBXFileReference; lastKnownFileType = sourcecode.swift; path = PokedexSwiftUITutorialApp.swift; sourceTree = "<group>"; };
		B4935EAC26D7677A00BA1B5A /* ContentView.swift */ = {isa = PBXFileReference; lastKnownFileType = sourcecode.swift; path = ContentView.swift; sourceTree = "<group>"; };
		B4935EAE26D7677C00BA1B5A /* Assets.xcassets */ = {isa = PBXFileReference; lastKnownFileType = folder.assetcatalog; path = Assets.xcassets; sourceTree = "<group>"; };
		B4935EB126D7677C00BA1B5A /* Preview Assets.xcassets */ = {isa = PBXFileReference; lastKnownFileType = folder.assetcatalog; path = "Preview Assets.xcassets"; sourceTree = "<group>"; };
		B4935EB326D7677C00BA1B5A /* Info.plist */ = {isa = PBXFileReference; lastKnownFileType = text.plist.xml; path = Info.plist; sourceTree = "<group>"; };
		B4935EBC26D7684A00BA1B5A /* PokemonCell.swift */ = {isa = PBXFileReference; lastKnownFileType = sourcecode.swift; path = PokemonCell.swift; sourceTree = "<group>"; };
/* End PBXFileReference section */

/* Begin PBXFrameworksBuildPhase section */
		B4935EA426D7677A00BA1B5A /* Frameworks */ = {
			isa = PBXFrameworksBuildPhase;
			buildActionMask = 2147483647;
			files = (
			);
			runOnlyForDeploymentPostprocessing = 0;
		};
/* End PBXFrameworksBuildPhase section */

/* Begin PBXGroup section */
		B4935E9E26D7677900BA1B5A = {
			isa = PBXGroup;
			children = (
				B4935EA926D7677A00BA1B5A /* PokedexSwiftUITutorial */,
				B4935EA826D7677A00BA1B5A /* Products */,
			);
			sourceTree = "<group>";
		};
		B4935EA826D7677A00BA1B5A /* Products */ = {
			isa = PBXGroup;
			children = (
				B4935EA726D7677A00BA1B5A /* PokedexSwiftUITutorial.app */,
			);
			name = Products;
			sourceTree = "<group>";
		};
		B4935EA926D7677A00BA1B5A /* PokedexSwiftUITutorial */ = {
			isa = PBXGroup;
			children = (
				B4935EBB26D767E200BA1B5A /* Model */,
				B4935EBA26D767DF00BA1B5A /* ViewModel */,
				B4935EB926D767DB00BA1B5A /* View */,
				B4935EAA26D7677A00BA1B5A /* PokedexSwiftUITutorialApp.swift */,
				B4935EAC26D7677A00BA1B5A /* ContentView.swift */,
				B4935EAE26D7677C00BA1B5A /* Assets.xcassets */,
				B4935EB326D7677C00BA1B5A /* Info.plist */,
				B4935EB026D7677C00BA1B5A /* Preview Content */,
			);
			path = PokedexSwiftUITutorial;
			sourceTree = "<group>";
		};
		B4935EB026D7677C00BA1B5A /* Preview Content */ = {
			isa = PBXGroup;
			children = (
				B4935EB126D7677C00BA1B5A /* Preview Assets.xcassets */,
			);
			path = "Preview Content";
			sourceTree = "<group>";
		};
		B4935EB926D767DB00BA1B5A /* View */ = {
			isa = PBXGroup;
			children = (
				B4935EBC26D7684A00BA1B5A /* PokemonCell.swift */,
			);
			path = View;
			sourceTree = "<group>";
		};
		B4935EBA26D767DF00BA1B5A /* ViewModel */ = {
			isa = PBXGroup;
			children = (
			);
			path = ViewModel;
			sourceTree = "<group>";
		};
		B4935EBB26D767E200BA1B5A /* Model */ = {
			isa = PBXGroup;
			children = (
			);
			path = Model;
			sourceTree = "<group>";
		};
/* End PBXGroup section */

/* Begin PBXNativeTarget section */
		B4935EA626D7677A00BA1B5A /* PokedexSwiftUITutorial */ = {
			isa = PBXNativeTarget;
			buildConfigurationList = B4935EB626D7677C00BA1B5A /* Build configuration list for PBXNativeTarget "PokedexSwiftUITutorial" */;
			buildPhases = (
				B4935EA326D7677A00BA1B5A /* Sources */,
				B4935EA426D7677A00BA1B5A /* Frameworks */,
				B4935EA526D7677A00BA1B5A /* Resources */,
			);
			buildRules = (
			);
			dependencies = (
			);
			name = PokedexSwiftUITutorial;
			productName = PokedexSwiftUITutorial;
			productReference = B4935EA726D7677A00BA1B5A /* PokedexSwiftUITutorial.app */;
			productType = "com.apple.product-type.application";
		};
/* End PBXNativeTarget section */

/* Begin PBXProject section */
		B4935E9F26D7677900BA1B5A /* Project object */ = {
			isa = PBXProject;
			attributes = {
				LastSwiftUpdateCheck = 1250;
				LastUpgradeCheck = 1250;
				TargetAttributes = {
					B4935EA626D7677A00BA1B5A = {
						CreatedOnToolsVersion = 12.5.1;
					};
				};
			};
			buildConfigurationList = B4935EA226D7677900BA1B5A /* Build configuration list for PBXProject "PokedexSwiftUITutorial" */;
			compatibilityVersion = "Xcode 9.3";
			developmentRegion = en;
			hasScannedForEncodings = 0;
			knownRegions = (
				en,
				Base,
			);
			mainGroup = B4935E9E26D7677900BA1B5A;
			productRefGroup = B4935EA826D7677A00BA1B5A /* Products */;
			projectDirPath = "";
			projectRoot = "";
			targets = (
				B4935EA626D7677A00BA1B5A /* PokedexSwiftUITutorial */,
			);
		};
/* End PBXProject section */

/* Begin PBXResourcesBuildPhase section */
		B4935EA526D7677A00BA1B5A /* Resources */ = {
			isa = PBXResourcesBuildPhase;
			buildActionMask = 2147483647;
			files = (
				B4935EB226D7677C00BA1B5A /* Preview Assets.xcassets in Resources */,
				B4935EAF26D7677C00BA1B5A /* Assets.xcassets in Resources */,
			);
			runOnlyForDeploymentPostprocessing = 0;
		};
/* End PBXResourcesBuildPhase section */

/* Begin PBXSourcesBuildPhase section */
		B4935EA326D7677A00BA1B5A /* Sources */ = {
			isa = PBXSourcesBuildPhase;
			buildActionMask = 2147483647;
			files = (
				B4935EAD26D7677A00BA1B5A /* ContentView.swift in Sources */,
				B4935EAB26D7677A00BA1B5A /* PokedexSwiftUITutorialApp.swift in Sources */,
				B4935EBD26D7684A00BA1B5A /* PokemonCell.swift in Sources */,
			);
			runOnlyForDeploymentPostprocessing = 0;
		};
/* End PBXSourcesBuildPhase section */

/* Begin XCBuildConfiguration section */
		B4935EB426D7677C00BA1B5A /* Debug */ = {
			isa = XCBuildConfiguration;
			buildSettings = {
				ALWAYS_SEARCH_USER_PATHS = NO;
				CLANG_ANALYZER_NONNULL = YES;
				CLANG_ANALYZER_NUMBER_OBJECT_CONVERSION = YES_AGGRESSIVE;
				CLANG_CXX_LANGUAGE_STANDARD = "gnu++14";
				CLANG_CXX_LIBRARY = "libc++";
				CLANG_ENABLE_MODULES = YES;
				CLANG_ENABLE_OBJC_ARC = YES;
				CLANG_ENABLE_OBJC_WEAK = YES;
				CLANG_WARN_BLOCK_CAPTURE_AUTORELEASING = YES;
				CLANG_WARN_BOOL_CONVERSION = YES;
				CLANG_WARN_COMMA = YES;
				CLANG_WARN_CONSTANT_CONVERSION = YES;
				CLANG_WARN_DEPRECATED_OBJC_IMPLEMENTATIONS = YES;
				CLANG_WARN_DIRECT_OBJC_ISA_USAGE = YES_ERROR;
				CLANG_WARN_DOCUMENTATION_COMMENTS = YES;
				CLANG_WARN_EMPTY_BODY = YES;
				CLANG_WARN_ENUM_CONVERSION = YES;
				CLANG_WARN_INFINITE_RECURSION = YES;
				CLANG_WARN_INT_CONVERSION = YES;
				CLANG_WARN_NON_LITERAL_NULL_CONVERSION = YES;
				CLANG_WARN_OBJC_IMPLICIT_RETAIN_SELF = YES;
				CLANG_WARN_OBJC_LITERAL_CONVERSION = YES;
				CLANG_WARN_OBJC_ROOT_CLASS = YES_ERROR;
				CLANG_WARN_QUOTED_INCLUDE_IN_FRAMEWORK_HEADER = YES;
				CLANG_WARN_RANGE_LOOP_ANALYSIS = YES;
				CLANG_WARN_STRICT_PROTOTYPES = YES;
				CLANG_WARN_SUSPICIOUS_MOVE = YES;
				CLANG_WARN_UNGUARDED_AVAILABILITY = YES_AGGRESSIVE;
				CLANG_WARN_UNREACHABLE_CODE = YES;
				CLANG_WARN__DUPLICATE_METHOD_MATCH = YES;
				COPY_PHASE_STRIP = NO;
				DEBUG_INFORMATION_FORMAT = dwarf;
				ENABLE_STRICT_OBJC_MSGSEND = YES;
				ENABLE_TESTABILITY = YES;
				GCC_C_LANGUAGE_STANDARD = gnu11;
				GCC_DYNAMIC_NO_PIC = NO;
				GCC_NO_COMMON_BLOCKS = YES;
				GCC_OPTIMIZATION_LEVEL = 0;
				GCC_PREPROCESSOR_DEFINITIONS = (
					"DEBUG=1",
					"$(inherited)",
				);
				GCC_WARN_64_TO_32_BIT_CONVERSION = YES;
				GCC_WARN_ABOUT_RETURN_TYPE = YES_ERROR;
				GCC_WARN_UNDECLARED_SELECTOR = YES;
				GCC_WARN_UNINITIALIZED_AUTOS = YES_AGGRESSIVE;
				GCC_WARN_UNUSED_FUNCTION = YES;
				GCC_WARN_UNUSED_VARIABLE = YES;
				IPHONEOS_DEPLOYMENT_TARGET = 14.5;
				MTL_ENABLE_DEBUG_INFO = INCLUDE_SOURCE;
				MTL_FAST_MATH = YES;
				ONLY_ACTIVE_ARCH = YES;
				SDKROOT = iphoneos;
				SWIFT_ACTIVE_COMPILATION_CONDITIONS = DEBUG;
				SWIFT_OPTIMIZATION_LEVEL = "-Onone";
			};
			name = Debug;
		};
		B4935EB526D7677C00BA1B5A /* Release */ = {
			isa = XCBuildConfiguration;
			buildSettings = {
				ALWAYS_SEARCH_USER_PATHS = NO;
				CLANG_ANALYZER_NONNULL = YES;
				CLANG_ANALYZER_NUMBER_OBJECT_CONVERSION = YES_AGGRESSIVE;
				CLANG_CXX_LANGUAGE_STANDARD = "gnu++14";
				CLANG_CXX_LIBRARY = "libc++";
				CLANG_ENABLE_MODULES = YES;
				CLANG_ENABLE_OBJC_ARC = YES;
				CLANG_ENABLE_OBJC_WEAK = YES;
				CLANG_WARN_BLOCK_CAPTURE_AUTORELEASING = YES;
				CLANG_WARN_BOOL_CONVERSION = YES;
				CLANG_WARN_COMMA = YES;
				CLANG_WARN_CONSTANT_CONVERSION = YES;
				CLANG_WARN_DEPRECATED_OBJC_IMPLEMENTATIONS = YES;
				CLANG_WARN_DIRECT_OBJC_ISA_USAGE = YES_ERROR;
				CLANG_WARN_DOCUMENTATION_COMMENTS = YES;
				CLANG_WARN_EMPTY_BODY = YES;
				CLANG_WARN_ENUM_CONVERSION = YES;
				CLANG_WARN_INFINITE_RECURSION = YES;
				CLANG_WARN_INT_CONVERSION = YES;
				CLANG_WARN_NON_LITERAL_NULL_CONVERSION = YES;
				CLANG_WARN_OBJC_IMPLICIT_RETAIN_SELF = YES;
				CLANG_WARN_OBJC_LITERAL_CONVERSION = YES;
				CLANG_WARN_OBJC_ROOT_CLASS = YES_ERROR;
				CLANG_WARN_QUOTED_INCLUDE_IN_FRAMEWORK_HEADER = YES;
				CLANG_WARN_RANGE_LOOP_ANALYSIS = YES;
				CLANG_WARN_STRICT_PROTOTYPES = YES;
				CLANG_WARN_SUSPICIOUS_MOVE = YES;
				CLANG_WARN_UNGUARDED_AVAILABILITY = YES_AGGRESSIVE;
				CLANG_WARN_UNREACHABLE_CODE = YES;
				CLANG_WARN__DUPLICATE_METHOD_MATCH = YES;
				COPY_PHASE_STRIP = NO;
				DEBUG_INFORMATION_FORMAT = "dwarf-with-dsym";
				ENABLE_NS_ASSERTIONS = NO;
				ENABLE_STRICT_OBJC_MSGSEND = YES;
				GCC_C_LANGUAGE_STANDARD = gnu11;
				GCC_NO_COMMON_BLOCKS = YES;
				GCC_WARN_64_TO_32_BIT_CONVERSION = YES;
				GCC_WARN_ABOUT_RETURN_TYPE = YES_ERROR;
				GCC_WARN_UNDECLARED_SELECTOR = YES;
				GCC_WARN_UNINITIALIZED_AUTOS = YES_AGGRESSIVE;
				GCC_WARN_UNUSED_FUNCTION = YES;
				GCC_WARN_UNUSED_VARIABLE = YES;
				IPHONEOS_DEPLOYMENT_TARGET = 14.5;
				MTL_ENABLE_DEBUG_INFO = NO;
				MTL_FAST_MATH = YES;
				SDKROOT = iphoneos;
				SWIFT_COMPILATION_MODE = wholemodule;
				SWIFT_OPTIMIZATION_LEVEL = "-O";
				VALIDATE_PRODUCT = YES;
			};
			name = Release;
		};
		B4935EB726D7677C00BA1B5A /* Debug */ = {
			isa = XCBuildConfiguration;
			buildSettings = {
				ASSETCATALOG_COMPILER_APPICON_NAME = AppIcon;
				ASSETCATALOG_COMPILER_GLOBAL_ACCENT_COLOR_NAME = AccentColor;
				CODE_SIGN_STYLE = Automatic;
				DEVELOPMENT_ASSET_PATHS = "\"PokedexSwiftUITutorial/Preview Content\"";
				DEVELOPMENT_TEAM = B73ANP632K;
				ENABLE_PREVIEWS = YES;
				INFOPLIST_FILE = PokedexSwiftUITutorial/Info.plist;
				IPHONEOS_DEPLOYMENT_TARGET = 14.0;
				LD_RUNPATH_SEARCH_PATHS = (
					"$(inherited)",
					"@executable_path/Frameworks",
				);
				PRODUCT_BUNDLE_IDENTIFIER = "com.up-co.PokedexSwiftUITutorial";
				PRODUCT_NAME = "$(TARGET_NAME)";
				SWIFT_VERSION = 5.0;
				TARGETED_DEVICE_FAMILY = "1,2";
			};
			name = Debug;
		};
		B4935EB826D7677C00BA1B5A /* Release */ = {
			isa = XCBuildConfiguration;
			buildSettings = {
				ASSETCATALOG_COMPILER_APPICON_NAME = AppIcon;
				ASSETCATALOG_COMPILER_GLOBAL_ACCENT_COLOR_NAME = AccentColor;
				CODE_SIGN_STYLE = Automatic;
				DEVELOPMENT_ASSET_PATHS = "\"PokedexSwiftUITutorial/Preview Content\"";
				DEVELOPMENT_TEAM = B73ANP632K;
				ENABLE_PREVIEWS = YES;
				INFOPLIST_FILE = PokedexSwiftUITutorial/Info.plist;
				IPHONEOS_DEPLOYMENT_TARGET = 14.0;
				LD_RUNPATH_SEARCH_PATHS = (
					"$(inherited)",
					"@executable_path/Frameworks",
				);
				PRODUCT_BUNDLE_IDENTIFIER = "com.up-co.PokedexSwiftUITutorial";
				PRODUCT_NAME = "$(TARGET_NAME)";
				SWIFT_VERSION = 5.0;
				TARGETED_DEVICE_FAMILY = "1,2";
			};
			name = Release;
		};
/* End XCBuildConfiguration section */

/* Begin XCConfigurationList section */
		B4935EA226D7677900BA1B5A /* Build configuration list for PBXProject "PokedexSwiftUITutorial" */ = {
			isa = XCConfigurationList;
			buildConfigurations = (
				B4935EB426D7677C00BA1B5A /* Debug */,
				B4935EB526D7677C00BA1B5A /* Release */,
			);
			defaultConfigurationIsVisible = 0;
			defaultConfigurationName = Release;
		};
		B4935EB626D7677C00BA1B5A /* Build configuration list for PBXNativeTarget "PokedexSwiftUITutorial" */ = {
			isa = XCConfigurationList;
			buildConfigurations = (
				B4935EB726D7677C00BA1B5A /* Debug */,
				B4935EB826D7677C00BA1B5A /* Release */,
			);
			defaultConfigurationIsVisible = 0;
			defaultConfigurationName = Release;
		};
/* End XCConfigurationList section */
	};
	rootObject = B4935E9F26D7677900BA1B5A /* Project object */;
}
